
Microsoft Visual Studio Solution File, Format Version 12.00
# Visual Studio Version 17
VisualStudioVersion = 17.3.32804.467
MinimumVisualStudioVersion = 10.0.40219.1
Project("{FAE04EC0-301F-11D3-BF4B-00C04F79EFBC}") = "Class03Homework", "Class03Homework\Class03Homework.csproj", "{B5FFD54B-BA6B-4334-B800-C089D1153B2F}"
EndProject
Global
	GlobalSection(SolutionConfigurationPlatforms) = preSolution
		Debug|Any CPU = Debug|Any CPU
		Release|Any CPU = Release|Any CPU
	EndGlobalSection
	GlobalSection(ProjectConfigurationPlatforms) = postSolution
		{B5FFD54B-BA6B-4334-B800-C089D1153B2F}.Debug|Any CPU.ActiveCfg = Debug|Any CPU
		{B5FFD54B-BA6B-4334-B800-C089D1153B2F}.Debug|Any CPU.Build.0 = Debug|Any CPU
		{B5FFD54B-BA6B-4334-B800-C089D1153B2F}.Release|Any CPU.ActiveCfg = Release|Any CPU
		{B5FFD54B-BA6B-4334-B800-C089D1153B2F}.Release|Any CPU.Build.0 = Release|Any CPU
	EndGlobalSection
	GlobalSection(SolutionProperties) = preSolution
		HideSolutionNode = FALSE
	EndGlobalSection
	GlobalSection(ExtensibilityGlobals) = postSolution
		SolutionGuid = {1DB9C01F-3CE8-4BA0-A3D2-3B71327D0DBF}
	EndGlobalSection
EndGlobal
