
Microsoft Visual Studio Solution File, Format Version 12.00
# Visual Studio Version 17
VisualStudioVersion = 17.2.32616.157
MinimumVisualStudioVersion = 10.0.40219.1
Project("{FAE04EC0-301F-11D3-BF4B-00C04F79EFBC}") = "Class02Homework", "Class02Homework\Class02Homework.csproj", "{E79A486E-3B45-4653-BC90-F738883BC4BF}"
EndProject
Global
	GlobalSection(SolutionConfigurationPlatforms) = preSolution
		Debug|Any CPU = Debug|Any CPU
		Release|Any CPU = Release|Any CPU
	EndGlobalSection
	GlobalSection(ProjectConfigurationPlatforms) = postSolution
		{E79A486E-3B45-4653-BC90-F738883BC4BF}.Debug|Any CPU.ActiveCfg = Debug|Any CPU
		{E79A486E-3B45-4653-BC90-F738883BC4BF}.Debug|Any CPU.Build.0 = Debug|Any CPU
		{E79A486E-3B45-4653-BC90-F738883BC4BF}.Release|Any CPU.ActiveCfg = Release|Any CPU
		{E79A486E-3B45-4653-BC90-F738883BC4BF}.Release|Any CPU.Build.0 = Release|Any CPU
	EndGlobalSection
	GlobalSection(SolutionProperties) = preSolution
		HideSolutionNode = FALSE
	EndGlobalSection
	GlobalSection(ExtensibilityGlobals) = postSolution
		SolutionGuid = {CB747AB5-353C-4F47-BC1A-9207CC0CBF2E}
	EndGlobalSection
EndGlobal
